
Microsoft Visual Studio Solution File, Format Version 12.00
# Visual Studio 15
VisualStudioVersion = 15.0.27703.2042
MinimumVisualStudioVersion = 10.0.40219.1
Project("{2150E333-8FDC-42A3-9474-1A3956D46DE8}") = "ASP.NET_Tutorials", "ASP.NET_Tutorials", "{4C5E436E-53DD-4A15-AA9B-6E1EE0D949B2}"
EndProject
Global
	GlobalSection(SolutionProperties) = preSolution
		HideSolutionNode = FALSE
	EndGlobalSection
	GlobalSection(ExtensibilityGlobals) = postSolution
		SolutionGuid = {75E049B9-1A57-4E0D-9AB5-6CAACC7C0B96}
	EndGlobalSection
EndGlobal
